
Microsoft Visual Studio Solution File, Format Version 12.00
# Visual Studio 15
VisualStudioVersion = 15.0.27703.1
MinimumVisualStudioVersion = 10.0.40219.1
Project("{8BC9CEB8-8B4A-11D0-8D11-00A0C91BC942}") = "helloMFC", "helloMFC\helloMFC.vcxproj", "{243FB77F-F9CC-486F-8CB3-7FD84D2666DB}"
EndProject
Project("{8BC9CEB8-8B4A-11D0-8D11-00A0C91BC942}") = "helloMFC2", "helloMFC2\helloMFC2.vcxproj", "{B215680F-ED21-4798-B645-84EA8F0D9F05}"
EndProject
Project("{8BC9CEB8-8B4A-11D0-8D11-00A0C91BC942}") = "messageMap", "messageMap\messageMap.vcxproj", "{1BC61A59-3DDE-45E2-B680-ED2A18FA34CB}"
EndProject
Project("{8BC9CEB8-8B4A-11D0-8D11-00A0C91BC942}") = "MFCApplication1", "MFCApplication1\MFCApplication1.vcxproj", "{DD2C71EF-67A5-4973-A2EF-F7F340FA1B38}"
EndProject
Global
	GlobalSection(SolutionConfigurationPlatforms) = preSolution
		Debug|x64 = Debug|x64
		Debug|x86 = Debug|x86
		Release|x64 = Release|x64
		Release|x86 = Release|x86
	EndGlobalSection
	GlobalSection(ProjectConfigurationPlatforms) = postSolution
		{243FB77F-F9CC-486F-8CB3-7FD84D2666DB}.Debug|x64.ActiveCfg = Debug|x64
		{243FB77F-F9CC-486F-8CB3-7FD84D2666DB}.Debug|x64.Build.0 = Debug|x64
		{243FB77F-F9CC-486F-8CB3-7FD84D2666DB}.Debug|x86.ActiveCfg = Debug|Win32
		{243FB77F-F9CC-486F-8CB3-7FD84D2666DB}.Debug|x86.Build.0 = Debug|Win32
		{243FB77F-F9CC-486F-8CB3-7FD84D2666DB}.Release|x64.ActiveCfg = Release|x64
		{243FB77F-F9CC-486F-8CB3-7FD84D2666DB}.Release|x64.Build.0 = Release|x64
		{243FB77F-F9CC-486F-8CB3-7FD84D2666DB}.Release|x86.ActiveCfg = Release|Win32
		{243FB77F-F9CC-486F-8CB3-7FD84D2666DB}.Release|x86.Build.0 = Release|Win32
		{B215680F-ED21-4798-B645-84EA8F0D9F05}.Debug|x64.ActiveCfg = Debug|x64
		{B215680F-ED21-4798-B645-84EA8F0D9F05}.Debug|x64.Build.0 = Debug|x64
		{B215680F-ED21-4798-B645-84EA8F0D9F05}.Debug|x86.ActiveCfg = Debug|Win32
		{B215680F-ED21-4798-B645-84EA8F0D9F05}.Debug|x86.Build.0 = Debug|Win32
		{B215680F-ED21-4798-B645-84EA8F0D9F05}.Release|x64.ActiveCfg = Release|x64
		{B215680F-ED21-4798-B645-84EA8F0D9F05}.Release|x64.Build.0 = Release|x64
		{B215680F-ED21-4798-B645-84EA8F0D9F05}.Release|x86.ActiveCfg = Release|Win32
		{B215680F-ED21-4798-B645-84EA8F0D9F05}.Release|x86.Build.0 = Release|Win32
		{1BC61A59-3DDE-45E2-B680-ED2A18FA34CB}.Debug|x64.ActiveCfg = Debug|x64
		{1BC61A59-3DDE-45E2-B680-ED2A18FA34CB}.Debug|x64.Build.0 = Debug|x64
		{1BC61A59-3DDE-45E2-B680-ED2A18FA34CB}.Debug|x86.ActiveCfg = Debug|Win32
		{1BC61A59-3DDE-45E2-B680-ED2A18FA34CB}.Debug|x86.Build.0 = Debug|Win32
		{1BC61A59-3DDE-45E2-B680-ED2A18FA34CB}.Release|x64.ActiveCfg = Release|x64
		{1BC61A59-3DDE-45E2-B680-ED2A18FA34CB}.Release|x64.Build.0 = Release|x64
		{1BC61A59-3DDE-45E2-B680-ED2A18FA34CB}.Release|x86.ActiveCfg = Release|Win32
		{1BC61A59-3DDE-45E2-B680-ED2A18FA34CB}.Release|x86.Build.0 = Release|Win32
		{DD2C71EF-67A5-4973-A2EF-F7F340FA1B38}.Debug|x64.ActiveCfg = Debug|x64
		{DD2C71EF-67A5-4973-A2EF-F7F340FA1B38}.Debug|x64.Build.0 = Debug|x64
		{DD2C71EF-67A5-4973-A2EF-F7F340FA1B38}.Debug|x86.ActiveCfg = Debug|Win32
		{DD2C71EF-67A5-4973-A2EF-F7F340FA1B38}.Debug|x86.Build.0 = Debug|Win32
		{DD2C71EF-67A5-4973-A2EF-F7F340FA1B38}.Release|x64.ActiveCfg = Release|x64
		{DD2C71EF-67A5-4973-A2EF-F7F340FA1B38}.Release|x64.Build.0 = Release|x64
		{DD2C71EF-67A5-4973-A2EF-F7F340FA1B38}.Release|x86.ActiveCfg = Release|Win32
		{DD2C71EF-67A5-4973-A2EF-F7F340FA1B38}.Release|x86.Build.0 = Release|Win32
	EndGlobalSection
	GlobalSection(SolutionProperties) = preSolution
		HideSolutionNode = FALSE
	EndGlobalSection
	GlobalSection(ExtensibilityGlobals) = postSolution
		SolutionGuid = {5BD5CBF2-9B39-43B5-9BAA-2C29A56A2F54}
	EndGlobalSection
EndGlobal
